# This file is automatically @generated by Cargo.
# It is not intended for manual editing.
version = 4

[[package]]
name = "lamina"
version = "0.0.8"
dependencies = [
 "lamina-codegen",
 "lamina-ir",
 "lamina-mir",
 "lamina-platform",
 "ras",
]

[[package]]
name = "lamina-codegen"
version = "0.1.0"
dependencies = [
 "lamina-mir",
 "lamina-platform",
]

[[package]]
name = "lamina-ir"
version = "0.1.0"

[[package]]
name = "lamina-mir"
version = "0.1.0"
dependencies = [
 "lamina-platform",
]

[[package]]
name = "lamina-platform"
version = "0.1.0"

[[package]]
name = "laminax"
version = "0.1.0"
dependencies = [
 "lamina",
 "laminax-lcir",
 "laminax-runtime",
 "laminax-types",
 "numina",
]

[[package]]
name = "laminax-dag"
version = "0.1.0"

[[package]]
name = "laminax-lcir"
version = "0.1.0"
dependencies = [
 "laminax-dag",
 "laminax-types",
]

[[package]]
name = "laminax-runtime"
version = "0.1.0"
dependencies = [
 "lamina",
 "laminax-lcir",
 "laminax-types",
]

[[package]]
name = "laminax-types"
version = "0.1.0"
dependencies = [
 "laminax-dag",
 "numina",
]

[[package]]
name = "libc"
version = "0.2.185"
source = "registry+https://github.com/rust-lang/crates.io-index"
checksum = "52ff2c0fe9bc6cb6b14a0592c2ff4fa9ceb83eea9db979b0487cd054946a2b8f"

[[package]]
name = "numina"
version = "0.0.2"

[[package]]
name = "ras"
version = "0.1.0"
dependencies = [
 "lamina-codegen",
 "lamina-mir",
 "lamina-platform",
 "libc",
]
